
Microsoft Visual Studio Solution File, Format Version 12.00
# Visual Studio Version 16
VisualStudioVersion = 16.0.31025.194
MinimumVisualStudioVersion = 10.0.40219.1
Project("{FAE04EC0-301F-11D3-BF4B-00C04F79EFBC}") = "Zal", "Zal\Zal.csproj", "{A32EC22A-9255-4D68-9F83-7BD13EE97B39}"
EndProject
Global
	GlobalSection(SolutionConfigurationPlatforms) = preSolution
		Debug|Any CPU = Debug|Any CPU
		Release|Any CPU = Release|Any CPU
	EndGlobalSection
	GlobalSection(ProjectConfigurationPlatforms) = postSolution
		{A32EC22A-9255-4D68-9F83-7BD13EE97B39}.Debug|Any CPU.ActiveCfg = Debug|Any CPU
		{A32EC22A-9255-4D68-9F83-7BD13EE97B39}.Debug|Any CPU.Build.0 = Debug|Any CPU
		{A32EC22A-9255-4D68-9F83-7BD13EE97B39}.Release|Any CPU.ActiveCfg = Release|Any CPU
		{A32EC22A-9255-4D68-9F83-7BD13EE97B39}.Release|Any CPU.Build.0 = Release|Any CPU
	EndGlobalSection
	GlobalSection(SolutionProperties) = preSolution
		HideSolutionNode = FALSE
	EndGlobalSection
	GlobalSection(ExtensibilityGlobals) = postSolution
		SolutionGuid = {7BD44659-B8EA-4CA9-BB32-77D022D57D85}
	EndGlobalSection
EndGlobal
